
Microsoft Visual Studio Solution File, Format Version 12.00
# Visual Studio 15
VisualStudioVersion = 15.0.27130.2036
MinimumVisualStudioVersion = 10.0.40219.1
Project("{FAE04EC0-301F-11D3-BF4B-00C04F79EFBC}") = "PenguinPairs3a", "PenguinPairs3a\PenguinPairs3a.csproj", "{C3519C6C-247C-4B47-9BFE-BDC62144A5C8}"
EndProject
Project("{FAE04EC0-301F-11D3-BF4B-00C04F79EFBC}") = "PenguinPairs3b", "PenguinPairs3b\PenguinPairs3b.csproj", "{D3DC398F-790F-4B3D-8C7E-D4E414CCE510}"
EndProject
Global
	GlobalSection(SolutionConfigurationPlatforms) = preSolution
		Debug|Any CPU = Debug|Any CPU
		Debug|x86 = Debug|x86
		Release|Any CPU = Release|Any CPU
		Release|x86 = Release|x86
	EndGlobalSection
	GlobalSection(ProjectConfigurationPlatforms) = postSolution
		{C3519C6C-247C-4B47-9BFE-BDC62144A5C8}.Debug|Any CPU.ActiveCfg = Debug|Any CPU
		{C3519C6C-247C-4B47-9BFE-BDC62144A5C8}.Debug|Any CPU.Build.0 = Debug|Any CPU
		{C3519C6C-247C-4B47-9BFE-BDC62144A5C8}.Debug|x86.ActiveCfg = Debug|x86
		{C3519C6C-247C-4B47-9BFE-BDC62144A5C8}.Debug|x86.Build.0 = Debug|x86
		{C3519C6C-247C-4B47-9BFE-BDC62144A5C8}.Release|Any CPU.ActiveCfg = Release|Any CPU
		{C3519C6C-247C-4B47-9BFE-BDC62144A5C8}.Release|Any CPU.Build.0 = Release|Any CPU
		{C3519C6C-247C-4B47-9BFE-BDC62144A5C8}.Release|x86.ActiveCfg = Release|x86
		{C3519C6C-247C-4B47-9BFE-BDC62144A5C8}.Release|x86.Build.0 = Release|x86
		{D3DC398F-790F-4B3D-8C7E-D4E414CCE510}.Debug|Any CPU.ActiveCfg = Debug|Any CPU
		{D3DC398F-790F-4B3D-8C7E-D4E414CCE510}.Debug|Any CPU.Build.0 = Debug|Any CPU
		{D3DC398F-790F-4B3D-8C7E-D4E414CCE510}.Debug|x86.ActiveCfg = Debug|x86
		{D3DC398F-790F-4B3D-8C7E-D4E414CCE510}.Debug|x86.Build.0 = Debug|x86
		{D3DC398F-790F-4B3D-8C7E-D4E414CCE510}.Release|Any CPU.ActiveCfg = Release|Any CPU
		{D3DC398F-790F-4B3D-8C7E-D4E414CCE510}.Release|Any CPU.Build.0 = Release|Any CPU
		{D3DC398F-790F-4B3D-8C7E-D4E414CCE510}.Release|x86.ActiveCfg = Release|x86
		{D3DC398F-790F-4B3D-8C7E-D4E414CCE510}.Release|x86.Build.0 = Release|x86
	EndGlobalSection
	GlobalSection(SolutionProperties) = preSolution
		HideSolutionNode = FALSE
	EndGlobalSection
	GlobalSection(ExtensibilityGlobals) = postSolution
		SolutionGuid = {BBF426D1-7C59-4010-BE43-E6F7C5B36F59}
	EndGlobalSection
EndGlobal
